
Microsoft Visual Studio Solution File, Format Version 12.00
# Visual Studio Version 17
VisualStudioVersion = 17.6.34031.178
MinimumVisualStudioVersion = 10.0.40219.1
Project("{2150E333-8FDC-42A3-9474-1A3956D46DE8}") = "BE", "BE", "{052520C2-BEB4-40AD-AC88-0E8D8696FD17}"
	ProjectSection(SolutionItems) = preProject
		BE\Dockerfile = BE\Dockerfile
	EndProjectSection
EndProject
Project("{2150E333-8FDC-42A3-9474-1A3956D46DE8}") = "FE", "FE", "{4A8807D9-DECB-487E-A3F6-E05D8D3049CF}"
EndProject
Project("{2150E333-8FDC-42A3-9474-1A3956D46DE8}") = "Shared", "Shared", "{29D13DDD-46A6-4C91-9636-7411FD8C0120}"
EndProject
Project("{2150E333-8FDC-42A3-9474-1A3956D46DE8}") = "OAuth2", "OAuth2", "{7F9DF0DA-3395-4FBB-A40D-92F2291D90E3}"
EndProject
Project("{9A19103F-16F7-4668-BE54-9A1E7A4F7556}") = "DemoPCBE99925.Shared.Domain", "Shared\DemoPCBE99925.Shared.Domain\DemoPCBE99925.Shared.Domain.csproj", "{2BB04C45-D26F-4C6F-B221-BAAF7A9C4E9E}"
EndProject
Project("{2150E333-8FDC-42A3-9474-1A3956D46DE8}") = "Yarp", "Yarp", "{308693C3-5604-4591-8AE1-9B0CD19BCCA8}"
	ProjectSection(SolutionItems) = preProject
		BE\Yarp\BuildAndPublish.yml = BE\Yarp\BuildAndPublish.yml
	EndProjectSection
EndProject
Project("{9A19103F-16F7-4668-BE54-9A1E7A4F7556}") = "DemoPCBE99925.Yarp.Host", "BE\Yarp\DemoPCBE99925.Yarp.Host\DemoPCBE99925.Yarp.Host.csproj", "{BE9785A4-5E40-4156-BF3B-0CE66603DE99}"
EndProject
Project("{2150E333-8FDC-42A3-9474-1A3956D46DE8}") = "Development", "Development", "{2BA35F87-D44C-44B1-8526-8ACF69757D6E}"
	ProjectSection(SolutionItems) = preProject
		OAuth2\Development\DemoPCBE99925.Adfs.Development.json = OAuth2\Development\DemoPCBE99925.Adfs.Development.json
	EndProjectSection
EndProject
Project("{2150E333-8FDC-42A3-9474-1A3956D46DE8}") = "Dev", "Dev", "{98464D8D-EE7C-4467-8A54-CB3593098642}"
	ProjectSection(SolutionItems) = preProject
		OAuth2\Dev\DemoPCBE99925.Adfs.Dev.json = OAuth2\Dev\DemoPCBE99925.Adfs.Dev.json
	EndProjectSection
EndProject
Project("{2150E333-8FDC-42A3-9474-1A3956D46DE8}") = "Test", "Test", "{7754F667-7462-487B-A855-C2A0769F0018}"
	ProjectSection(SolutionItems) = preProject
		OAuth2\Test\DemoPCBE99925.Adfs.Test.json = OAuth2\Test\DemoPCBE99925.Adfs.Test.json
	EndProjectSection
EndProject
Project("{2150E333-8FDC-42A3-9474-1A3956D46DE8}") = "Acc", "Acc", "{E7369D21-E00D-4FD7-86F3-773541C48756}"
	ProjectSection(SolutionItems) = preProject
		OAuth2\Acc\DemoPCBE99925.Adfs.Acc.json = OAuth2\Acc\DemoPCBE99925.Adfs.Acc.json
	EndProjectSection
EndProject
Project("{2150E333-8FDC-42A3-9474-1A3956D46DE8}") = "Prod", "Prod", "{06AF6445-7B14-482F-A417-406A90CD256E}"
	ProjectSection(SolutionItems) = preProject
		OAuth2\Prod\DemoPCBE99925.Adfs.Prod.json = OAuth2\Prod\DemoPCBE99925.Adfs.Prod.json
	EndProjectSection
EndProject
Project("{9A19103F-16F7-4668-BE54-9A1E7A4F7556}") = "DemoPCBE99925.Yarp.Domain", "BE\Yarp\DemoPCBE99925.Yarp.Domain\DemoPCBE99925.Yarp.Domain.csproj", "{E8F3C675-AD2E-48AD-9502-188ADD23C4AB}"
EndProject
Project("{9A19103F-16F7-4668-BE54-9A1E7A4F7556}") = "DemoPCBE99925.Yarp.IBusiness", "BE\Yarp\DemoPCBE99925.Yarp.IBusiness\DemoPCBE99925.Yarp.IBusiness.csproj", "{F1908766-64D5-4CEB-BC6D-43953914BC4A}"
EndProject
Project("{9A19103F-16F7-4668-BE54-9A1E7A4F7556}") = "DemoPCBE99925.Yarp.Business", "BE\Yarp\DemoPCBE99925.Yarp.Business\DemoPCBE99925.Yarp.Business.csproj", "{9FEFBBEE-002C-452B-A26D-660CF26AD208}"
EndProject
Project("{9A19103F-16F7-4668-BE54-9A1E7A4F7556}") = "DemoPCBE99925.Yarp.Facade", "BE\Yarp\DemoPCBE99925.Yarp.Facade\DemoPCBE99925.Yarp.Facade.csproj", "{2BE79775-F04A-4DB4-967E-86BED906CECC}"
EndProject
Project("{2150E333-8FDC-42A3-9474-1A3956D46DE8}") = "Sdks", "Sdks", "{6F60B871-2E92-4A9B-8D42-B4247F2651D6}"
EndProject
Project("{9A19103F-16F7-4668-BE54-9A1E7A4F7556}") = "DemoPCBE99925.Yarp.Facade.Sdk", "BE\Yarp\Sdks\DemoPCBE99925.Yarp.Facade.Sdk\DemoPCBE99925.Yarp.Facade.Sdk.csproj", "{D2AFFFF5-78E6-41FA-88FD-C393BBAB7D5A}"
EndProject
Project("{2150E333-8FDC-42A3-9474-1A3956D46DE8}") = "Tests", "Tests", "{65E1A91F-B7EC-4BD8-A785-ECC560719460}"
EndProject
Project("{9A19103F-16F7-4668-BE54-9A1E7A4F7556}") = "DemoPCBE99925.Yarp.UnitTest", "BE\Yarp\Tests\DemoPCBE99925.Yarp.UnitTest\DemoPCBE99925.Yarp.UnitTest.csproj", "{092FD4B6-2FC1-4F73-81F2-F54994DCB9A3}"
EndProject
Project("{2150E333-8FDC-42A3-9474-1A3956D46DE8}") = "ManageCourseService", "ManageCourseService", "{16890C75-A3F4-4E9D-8A78-564590A7F069}"
	ProjectSection(SolutionItems) = preProject
		BE\ManageCourseService\BuildAndPublish.yml = BE\ManageCourseService\BuildAndPublish.yml
	EndProjectSection
EndProject
Project("{9A19103F-16F7-4668-BE54-9A1E7A4F7556}") = "DemoPCBE99925.ManageCourseService.Host", "BE\ManageCourseService\DemoPCBE99925.ManageCourseService.Host\DemoPCBE99925.ManageCourseService.Host.csproj", "{7ECEC015-15FA-46E8-A763-AFFC53A52C05}"
EndProject
Project("{9A19103F-16F7-4668-BE54-9A1E7A4F7556}") = "DemoPCBE99925.ManageCourseService.Domain", "BE\ManageCourseService\DemoPCBE99925.ManageCourseService.Domain\DemoPCBE99925.ManageCourseService.Domain.csproj", "{27F46336-B3F0-4C14-B54C-85DC069B2DB5}"
EndProject
Project("{9A19103F-16F7-4668-BE54-9A1E7A4F7556}") = "DemoPCBE99925.ManageCourseService.IBusiness", "BE\ManageCourseService\DemoPCBE99925.ManageCourseService.IBusiness\DemoPCBE99925.ManageCourseService.IBusiness.csproj", "{3E231C9B-507B-43D3-968B-282DB7EAD6F3}"
EndProject
Project("{9A19103F-16F7-4668-BE54-9A1E7A4F7556}") = "DemoPCBE99925.ManageCourseService.Business", "BE\ManageCourseService\DemoPCBE99925.ManageCourseService.Business\DemoPCBE99925.ManageCourseService.Business.csproj", "{4B7E0091-5B0A-4946-A5D7-8151151B450E}"
EndProject
Project("{9A19103F-16F7-4668-BE54-9A1E7A4F7556}") = "DemoPCBE99925.ManageCourseService.Facade", "BE\ManageCourseService\DemoPCBE99925.ManageCourseService.Facade\DemoPCBE99925.ManageCourseService.Facade.csproj", "{D3B490A4-A48B-4165-904D-B4131E0D43EF}"
EndProject
Project("{2150E333-8FDC-42A3-9474-1A3956D46DE8}") = "Sdks", "Sdks", "{3FE27DFA-A3BA-402D-8310-DBDA684A8B63}"
EndProject
Project("{9A19103F-16F7-4668-BE54-9A1E7A4F7556}") = "DemoPCBE99925.ManageCourseService.Facade.Sdk", "BE\ManageCourseService\Sdks\DemoPCBE99925.ManageCourseService.Facade.Sdk\DemoPCBE99925.ManageCourseService.Facade.Sdk.csproj", "{2EC6B363-146F-4F29-BC70-13117C9ED6C3}"
EndProject
Project("{2150E333-8FDC-42A3-9474-1A3956D46DE8}") = "Tests", "Tests", "{173AC3FA-6D3D-4D76-8596-A9AC8EEEF72F}"
EndProject
Project("{9A19103F-16F7-4668-BE54-9A1E7A4F7556}") = "DemoPCBE99925.ManageCourseService.UnitTest", "BE\ManageCourseService\Tests\DemoPCBE99925.ManageCourseService.UnitTest\DemoPCBE99925.ManageCourseService.UnitTest.csproj", "{A372B4AB-500C-429B-BAE7-E7679FC37DC7}"
EndProject
Project("{9A19103F-16F7-4668-BE54-9A1E7A4F7556}") = "DemoPCBE99925.ManageCourseService.IDatabase", "BE\ManageCourseService\DemoPCBE99925.ManageCourseService.IDatabase\DemoPCBE99925.ManageCourseService.IDatabase.csproj", "{6671DFCC-1B57-4FD2-B5BB-FD3F4E285930}"
EndProject
Project("{9A19103F-16F7-4668-BE54-9A1E7A4F7556}") = "DemoPCBE99925.ManageCourseService.Database", "BE\ManageCourseService\DemoPCBE99925.ManageCourseService.Database\DemoPCBE99925.ManageCourseService.Database.csproj", "{F2B7E956-7826-4E24-8A8F-D82A0CA989BD}"
EndProject
Project("{2150E333-8FDC-42A3-9474-1A3956D46DE8}") = "Tools", "Tools", "{92D85CA2-A515-470D-89E3-9B8324D03A3B}"
EndProject
Project("{9A19103F-16F7-4668-BE54-9A1E7A4F7556}") = "DemoPCBE99925.ManageCourseService.Database.MigrationTool", "BE\ManageCourseService\Tools\DemoPCBE99925.ManageCourseService.Database.MigrationTool\DemoPCBE99925.ManageCourseService.Database.MigrationTool.csproj", "{A3005DF9-C84C-4C25-860B-5C158B89C713}"
EndProject
Project("{2150E333-8FDC-42A3-9474-1A3956D46DE8}") = "ManageCourse.Web", "ManageCourse.Web", "{608ACE05-D755-4B89-B653-4ABFA529D57C}"
	ProjectSection(SolutionItems) = preProject
		FE\ManageCourse.Web\BuildAndPublish.yml = FE\ManageCourse.Web\BuildAndPublish.yml
	EndProjectSection
EndProject
Project("{FAE04EC0-301F-11D3-BF4B-00C04F79EFBC}") = "DemoPCBE99925.ManageCourse.Web", "FE\ManageCourse.Web\DemoPCBE99925.ManageCourse.Web\DemoPCBE99925.ManageCourse.Web.csproj", "{70F7C5EC-83FA-41FC-9647-BC3AAF2434D3}"
EndProject
Project("{2150E333-8FDC-42A3-9474-1A3956D46DE8}") = "ManageCourse.WPF", "ManageCourse.WPF", "{FC99FDFB-3C49-41B2-9B7C-310EE68701B9}"
EndProject
Project("{FAE04EC0-301F-11D3-BF4B-00C04F79EFBC}") = "DemoPCBE99925.ManageCourse.WPF", "FE\ManageCourse.WPF\DemoPCBE99925.ManageCourse.WPF\DemoPCBE99925.ManageCourse.WPF.csproj", "{1058F10C-0768-462F-A00F-DE43D879B8E8}"
EndProject
Project("{FAE04EC0-301F-11D3-BF4B-00C04F79EFBC}") = "DemoPCBE99925.ManageCourse.WPF.Contracts", "FE\ManageCourse.WPF\DemoPCBE99925.ManageCourse.WPF.Contracts\DemoPCBE99925.ManageCourse.WPF.Contracts.csproj", "{9C8047AD-CE07-4FFE-9BF7-068CB1E63845}"
EndProject
Project("{FAE04EC0-301F-11D3-BF4B-00C04F79EFBC}") = "DemoPCBE99925.ManageCourse.WPF.Common", "FE\ManageCourse.WPF\DemoPCBE99925.ManageCourse.WPF.Common\DemoPCBE99925.ManageCourse.WPF.Common.csproj", "{1C5D0C6D-2A2B-4C41-BA90-0B921991EBA7}"
EndProject
Global
	GlobalSection(SolutionConfigurationPlatforms) = preSolution
		Debug|Any CPU = Debug|Any CPU
		Release|Any CPU = Release|Any CPU
	EndGlobalSection
	GlobalSection(ProjectConfigurationPlatforms) = postSolution
		{2BB04C45-D26F-4C6F-B221-BAAF7A9C4E9E}.Debug|Any CPU.ActiveCfg = Debug|Any CPU
		{2BB04C45-D26F-4C6F-B221-BAAF7A9C4E9E}.Debug|Any CPU.Build.0 = Debug|Any CPU
		{2BB04C45-D26F-4C6F-B221-BAAF7A9C4E9E}.Release|Any CPU.ActiveCfg = Release|Any CPU
		{2BB04C45-D26F-4C6F-B221-BAAF7A9C4E9E}.Release|Any CPU.Build.0 = Release|Any CPU
		{BE9785A4-5E40-4156-BF3B-0CE66603DE99}.Debug|Any CPU.ActiveCfg = Debug|Any CPU
		{BE9785A4-5E40-4156-BF3B-0CE66603DE99}.Debug|Any CPU.Build.0 = Debug|Any CPU
		{BE9785A4-5E40-4156-BF3B-0CE66603DE99}.Release|Any CPU.ActiveCfg = Release|Any CPU
		{BE9785A4-5E40-4156-BF3B-0CE66603DE99}.Release|Any CPU.Build.0 = Release|Any CPU
		{E8F3C675-AD2E-48AD-9502-188ADD23C4AB}.Debug|Any CPU.ActiveCfg = Debug|Any CPU
		{E8F3C675-AD2E-48AD-9502-188ADD23C4AB}.Debug|Any CPU.Build.0 = Debug|Any CPU
		{E8F3C675-AD2E-48AD-9502-188ADD23C4AB}.Release|Any CPU.ActiveCfg = Release|Any CPU
		{E8F3C675-AD2E-48AD-9502-188ADD23C4AB}.Release|Any CPU.Build.0 = Release|Any CPU
		{F1908766-64D5-4CEB-BC6D-43953914BC4A}.Debug|Any CPU.ActiveCfg = Debug|Any CPU
		{F1908766-64D5-4CEB-BC6D-43953914BC4A}.Debug|Any CPU.Build.0 = Debug|Any CPU
		{F1908766-64D5-4CEB-BC6D-43953914BC4A}.Release|Any CPU.ActiveCfg = Release|Any CPU
		{F1908766-64D5-4CEB-BC6D-43953914BC4A}.Release|Any CPU.Build.0 = Release|Any CPU
		{9FEFBBEE-002C-452B-A26D-660CF26AD208}.Debug|Any CPU.ActiveCfg = Debug|Any CPU
		{9FEFBBEE-002C-452B-A26D-660CF26AD208}.Debug|Any CPU.Build.0 = Debug|Any CPU
		{9FEFBBEE-002C-452B-A26D-660CF26AD208}.Release|Any CPU.ActiveCfg = Release|Any CPU
		{9FEFBBEE-002C-452B-A26D-660CF26AD208}.Release|Any CPU.Build.0 = Release|Any CPU
		{2BE79775-F04A-4DB4-967E-86BED906CECC}.Debug|Any CPU.ActiveCfg = Debug|Any CPU
		{2BE79775-F04A-4DB4-967E-86BED906CECC}.Debug|Any CPU.Build.0 = Debug|Any CPU
		{2BE79775-F04A-4DB4-967E-86BED906CECC}.Release|Any CPU.ActiveCfg = Release|Any CPU
		{2BE79775-F04A-4DB4-967E-86BED906CECC}.Release|Any CPU.Build.0 = Release|Any CPU
		{D2AFFFF5-78E6-41FA-88FD-C393BBAB7D5A}.Debug|Any CPU.ActiveCfg = Debug|Any CPU
		{D2AFFFF5-78E6-41FA-88FD-C393BBAB7D5A}.Debug|Any CPU.Build.0 = Debug|Any CPU
		{D2AFFFF5-78E6-41FA-88FD-C393BBAB7D5A}.Release|Any CPU.ActiveCfg = Release|Any CPU
		{D2AFFFF5-78E6-41FA-88FD-C393BBAB7D5A}.Release|Any CPU.Build.0 = Release|Any CPU
		{092FD4B6-2FC1-4F73-81F2-F54994DCB9A3}.Debug|Any CPU.ActiveCfg = Debug|Any CPU
		{092FD4B6-2FC1-4F73-81F2-F54994DCB9A3}.Debug|Any CPU.Build.0 = Debug|Any CPU
		{092FD4B6-2FC1-4F73-81F2-F54994DCB9A3}.Release|Any CPU.ActiveCfg = Release|Any CPU
		{092FD4B6-2FC1-4F73-81F2-F54994DCB9A3}.Release|Any CPU.Build.0 = Release|Any CPU
		{7ECEC015-15FA-46E8-A763-AFFC53A52C05}.Debug|Any CPU.ActiveCfg = Debug|Any CPU
		{7ECEC015-15FA-46E8-A763-AFFC53A52C05}.Debug|Any CPU.Build.0 = Debug|Any CPU
		{7ECEC015-15FA-46E8-A763-AFFC53A52C05}.Release|Any CPU.ActiveCfg = Release|Any CPU
		{7ECEC015-15FA-46E8-A763-AFFC53A52C05}.Release|Any CPU.Build.0 = Release|Any CPU
		{27F46336-B3F0-4C14-B54C-85DC069B2DB5}.Debug|Any CPU.ActiveCfg = Debug|Any CPU
		{27F46336-B3F0-4C14-B54C-85DC069B2DB5}.Debug|Any CPU.Build.0 = Debug|Any CPU
		{27F46336-B3F0-4C14-B54C-85DC069B2DB5}.Release|Any CPU.ActiveCfg = Release|Any CPU
		{27F46336-B3F0-4C14-B54C-85DC069B2DB5}.Release|Any CPU.Build.0 = Release|Any CPU
		{3E231C9B-507B-43D3-968B-282DB7EAD6F3}.Debug|Any CPU.ActiveCfg = Debug|Any CPU
		{3E231C9B-507B-43D3-968B-282DB7EAD6F3}.Debug|Any CPU.Build.0 = Debug|Any CPU
		{3E231C9B-507B-43D3-968B-282DB7EAD6F3}.Release|Any CPU.ActiveCfg = Release|Any CPU
		{3E231C9B-507B-43D3-968B-282DB7EAD6F3}.Release|Any CPU.Build.0 = Release|Any CPU
		{4B7E0091-5B0A-4946-A5D7-8151151B450E}.Debug|Any CPU.ActiveCfg = Debug|Any CPU
		{4B7E0091-5B0A-4946-A5D7-8151151B450E}.Debug|Any CPU.Build.0 = Debug|Any CPU
		{4B7E0091-5B0A-4946-A5D7-8151151B450E}.Release|Any CPU.ActiveCfg = Release|Any CPU
		{4B7E0091-5B0A-4946-A5D7-8151151B450E}.Release|Any CPU.Build.0 = Release|Any CPU
		{D3B490A4-A48B-4165-904D-B4131E0D43EF}.Debug|Any CPU.ActiveCfg = Debug|Any CPU
		{D3B490A4-A48B-4165-904D-B4131E0D43EF}.Debug|Any CPU.Build.0 = Debug|Any CPU
		{D3B490A4-A48B-4165-904D-B4131E0D43EF}.Release|Any CPU.ActiveCfg = Release|Any CPU
		{D3B490A4-A48B-4165-904D-B4131E0D43EF}.Release|Any CPU.Build.0 = Release|Any CPU
		{2EC6B363-146F-4F29-BC70-13117C9ED6C3}.Debug|Any CPU.ActiveCfg = Debug|Any CPU
		{2EC6B363-146F-4F29-BC70-13117C9ED6C3}.Debug|Any CPU.Build.0 = Debug|Any CPU
		{2EC6B363-146F-4F29-BC70-13117C9ED6C3}.Release|Any CPU.ActiveCfg = Release|Any CPU
		{2EC6B363-146F-4F29-BC70-13117C9ED6C3}.Release|Any CPU.Build.0 = Release|Any CPU
		{A372B4AB-500C-429B-BAE7-E7679FC37DC7}.Debug|Any CPU.ActiveCfg = Debug|Any CPU
		{A372B4AB-500C-429B-BAE7-E7679FC37DC7}.Debug|Any CPU.Build.0 = Debug|Any CPU
		{A372B4AB-500C-429B-BAE7-E7679FC37DC7}.Release|Any CPU.ActiveCfg = Release|Any CPU
		{A372B4AB-500C-429B-BAE7-E7679FC37DC7}.Release|Any CPU.Build.0 = Release|Any CPU
		{6671DFCC-1B57-4FD2-B5BB-FD3F4E285930}.Debug|Any CPU.ActiveCfg = Debug|Any CPU
		{6671DFCC-1B57-4FD2-B5BB-FD3F4E285930}.Debug|Any CPU.Build.0 = Debug|Any CPU
		{6671DFCC-1B57-4FD2-B5BB-FD3F4E285930}.Release|Any CPU.ActiveCfg = Release|Any CPU
		{6671DFCC-1B57-4FD2-B5BB-FD3F4E285930}.Release|Any CPU.Build.0 = Release|Any CPU
		{F2B7E956-7826-4E24-8A8F-D82A0CA989BD}.Debug|Any CPU.ActiveCfg = Debug|Any CPU
		{F2B7E956-7826-4E24-8A8F-D82A0CA989BD}.Debug|Any CPU.Build.0 = Debug|Any CPU
		{F2B7E956-7826-4E24-8A8F-D82A0CA989BD}.Release|Any CPU.ActiveCfg = Release|Any CPU
		{F2B7E956-7826-4E24-8A8F-D82A0CA989BD}.Release|Any CPU.Build.0 = Release|Any CPU
		{A3005DF9-C84C-4C25-860B-5C158B89C713}.Debug|Any CPU.ActiveCfg = Debug|Any CPU
		{A3005DF9-C84C-4C25-860B-5C158B89C713}.Debug|Any CPU.Build.0 = Debug|Any CPU
		{A3005DF9-C84C-4C25-860B-5C158B89C713}.Release|Any CPU.ActiveCfg = Release|Any CPU
		{A3005DF9-C84C-4C25-860B-5C158B89C713}.Release|Any CPU.Build.0 = Release|Any CPU
		{70F7C5EC-83FA-41FC-9647-BC3AAF2434D3}.Debug|Any CPU.ActiveCfg = Debug|Any CPU
		{70F7C5EC-83FA-41FC-9647-BC3AAF2434D3}.Debug|Any CPU.Build.0 = Debug|Any CPU
		{70F7C5EC-83FA-41FC-9647-BC3AAF2434D3}.Release|Any CPU.ActiveCfg = Release|Any CPU
		{70F7C5EC-83FA-41FC-9647-BC3AAF2434D3}.Release|Any CPU.Build.0 = Release|Any CPU
		{1058F10C-0768-462F-A00F-DE43D879B8E8}.Debug|Any CPU.ActiveCfg = Debug|Any CPU
		{1058F10C-0768-462F-A00F-DE43D879B8E8}.Debug|Any CPU.Build.0 = Debug|Any CPU
		{1058F10C-0768-462F-A00F-DE43D879B8E8}.Release|Any CPU.ActiveCfg = Release|Any CPU
		{1058F10C-0768-462F-A00F-DE43D879B8E8}.Release|Any CPU.Build.0 = Release|Any CPU
		{9C8047AD-CE07-4FFE-9BF7-068CB1E63845}.Debug|Any CPU.ActiveCfg = Debug|Any CPU
		{9C8047AD-CE07-4FFE-9BF7-068CB1E63845}.Debug|Any CPU.Build.0 = Debug|Any CPU
		{9C8047AD-CE07-4FFE-9BF7-068CB1E63845}.Release|Any CPU.ActiveCfg = Release|Any CPU
		{9C8047AD-CE07-4FFE-9BF7-068CB1E63845}.Release|Any CPU.Build.0 = Release|Any CPU
		{1C5D0C6D-2A2B-4C41-BA90-0B921991EBA7}.Debug|Any CPU.ActiveCfg = Debug|Any CPU
		{1C5D0C6D-2A2B-4C41-BA90-0B921991EBA7}.Debug|Any CPU.Build.0 = Debug|Any CPU
		{1C5D0C6D-2A2B-4C41-BA90-0B921991EBA7}.Release|Any CPU.ActiveCfg = Release|Any CPU
		{1C5D0C6D-2A2B-4C41-BA90-0B921991EBA7}.Release|Any CPU.Build.0 = Release|Any CPU
	EndGlobalSection
	GlobalSection(SolutionProperties) = preSolution
		HideSolutionNode = FALSE
	EndGlobalSection
	GlobalSection(NestedProjects) = preSolution
		{2BB04C45-D26F-4C6F-B221-BAAF7A9C4E9E} = {29D13DDD-46A6-4C91-9636-7411FD8C0120}
		{308693C3-5604-4591-8AE1-9B0CD19BCCA8} = {052520C2-BEB4-40AD-AC88-0E8D8696FD17}
		{BE9785A4-5E40-4156-BF3B-0CE66603DE99} = {308693C3-5604-4591-8AE1-9B0CD19BCCA8}
		{2BA35F87-D44C-44B1-8526-8ACF69757D6E} = {7F9DF0DA-3395-4FBB-A40D-92F2291D90E3}
		{98464D8D-EE7C-4467-8A54-CB3593098642} = {7F9DF0DA-3395-4FBB-A40D-92F2291D90E3}
		{7754F667-7462-487B-A855-C2A0769F0018} = {7F9DF0DA-3395-4FBB-A40D-92F2291D90E3}
		{E7369D21-E00D-4FD7-86F3-773541C48756} = {7F9DF0DA-3395-4FBB-A40D-92F2291D90E3}
		{06AF6445-7B14-482F-A417-406A90CD256E} = {7F9DF0DA-3395-4FBB-A40D-92F2291D90E3}
		{E8F3C675-AD2E-48AD-9502-188ADD23C4AB} = {308693C3-5604-4591-8AE1-9B0CD19BCCA8}
		{F1908766-64D5-4CEB-BC6D-43953914BC4A} = {308693C3-5604-4591-8AE1-9B0CD19BCCA8}
		{9FEFBBEE-002C-452B-A26D-660CF26AD208} = {308693C3-5604-4591-8AE1-9B0CD19BCCA8}
		{2BE79775-F04A-4DB4-967E-86BED906CECC} = {308693C3-5604-4591-8AE1-9B0CD19BCCA8}
		{6F60B871-2E92-4A9B-8D42-B4247F2651D6} = {308693C3-5604-4591-8AE1-9B0CD19BCCA8}
		{D2AFFFF5-78E6-41FA-88FD-C393BBAB7D5A} = {6F60B871-2E92-4A9B-8D42-B4247F2651D6}
		{65E1A91F-B7EC-4BD8-A785-ECC560719460} = {308693C3-5604-4591-8AE1-9B0CD19BCCA8}
		{092FD4B6-2FC1-4F73-81F2-F54994DCB9A3} = {65E1A91F-B7EC-4BD8-A785-ECC560719460}
		{16890C75-A3F4-4E9D-8A78-564590A7F069} = {052520C2-BEB4-40AD-AC88-0E8D8696FD17}
		{7ECEC015-15FA-46E8-A763-AFFC53A52C05} = {16890C75-A3F4-4E9D-8A78-564590A7F069}
		{27F46336-B3F0-4C14-B54C-85DC069B2DB5} = {16890C75-A3F4-4E9D-8A78-564590A7F069}
		{3E231C9B-507B-43D3-968B-282DB7EAD6F3} = {16890C75-A3F4-4E9D-8A78-564590A7F069}
		{4B7E0091-5B0A-4946-A5D7-8151151B450E} = {16890C75-A3F4-4E9D-8A78-564590A7F069}
		{D3B490A4-A48B-4165-904D-B4131E0D43EF} = {16890C75-A3F4-4E9D-8A78-564590A7F069}
		{3FE27DFA-A3BA-402D-8310-DBDA684A8B63} = {16890C75-A3F4-4E9D-8A78-564590A7F069}
		{2EC6B363-146F-4F29-BC70-13117C9ED6C3} = {3FE27DFA-A3BA-402D-8310-DBDA684A8B63}
		{173AC3FA-6D3D-4D76-8596-A9AC8EEEF72F} = {16890C75-A3F4-4E9D-8A78-564590A7F069}
		{A372B4AB-500C-429B-BAE7-E7679FC37DC7} = {173AC3FA-6D3D-4D76-8596-A9AC8EEEF72F}
		{6671DFCC-1B57-4FD2-B5BB-FD3F4E285930} = {16890C75-A3F4-4E9D-8A78-564590A7F069}
		{F2B7E956-7826-4E24-8A8F-D82A0CA989BD} = {16890C75-A3F4-4E9D-8A78-564590A7F069}
		{92D85CA2-A515-470D-89E3-9B8324D03A3B} = {16890C75-A3F4-4E9D-8A78-564590A7F069}
		{A3005DF9-C84C-4C25-860B-5C158B89C713} = {92D85CA2-A515-470D-89E3-9B8324D03A3B}
		{608ACE05-D755-4B89-B653-4ABFA529D57C} = {4A8807D9-DECB-487E-A3F6-E05D8D3049CF}
		{70F7C5EC-83FA-41FC-9647-BC3AAF2434D3} = {608ACE05-D755-4B89-B653-4ABFA529D57C}
		{FC99FDFB-3C49-41B2-9B7C-310EE68701B9} = {4A8807D9-DECB-487E-A3F6-E05D8D3049CF}
		{1058F10C-0768-462F-A00F-DE43D879B8E8} = {FC99FDFB-3C49-41B2-9B7C-310EE68701B9}
		{9C8047AD-CE07-4FFE-9BF7-068CB1E63845} = {FC99FDFB-3C49-41B2-9B7C-310EE68701B9}
		{1C5D0C6D-2A2B-4C41-BA90-0B921991EBA7} = {FC99FDFB-3C49-41B2-9B7C-310EE68701B9}
	EndGlobalSection
	GlobalSection(ExtensibilityGlobals) = postSolution
		SolutionGuid = {2FC2D24D-5266-443B-966B-1E39DE8F9E35}
	EndGlobalSection
EndGlobal
